// !$*UTF8*$!
{
	archiveVersion = 1;
	classes = {
	};
	objectVersion = 54;
	objects = {

/* Begin PBXBuildFile section */
		13945DAFE09840278C75762E /* HelveticaNeueThin.otf in Resources */ = {isa = PBXBuildFile; fileRef = 3D5A63B12F574879A2D16D03 /* HelveticaNeueThin.otf */; };
		13B07FBF1A68108700A75B9A /* Images.xcassets in Resources */ = {isa = PBXBuildFile; fileRef = 13B07FB51A68108700A75B9A /* Images.xcassets */; };
		1A5C03C04E9243CBB61EC906 /* HelveticaNeueItalic.ttf in Resources */ = {isa = PBXBuildFile; fileRef = A80F961E02B54DE285985320 /* HelveticaNeueItalic.ttf */; };
		24353B45C5F14D88A3F7C86A /* HelveticaNeueBlackItalic.otf in Resources */ = {isa = PBXBuildFile; fileRef = B4C6FBFF1A754AAAB5F61191 /* HelveticaNeueBlackItalic.otf */; };
		24CFB6230AA14F849404689A /* HelveticaNeueBoldItalic.otf in Resources */ = {isa = PBXBuildFile; fileRef = 199CF1B8D4FE408AB6E4EB0A /* HelveticaNeueBoldItalic.otf */; };
		2E4B981A599547EDA741F71C /* HelveticaNeueUltraLightItalic.otf in Resources */ = {isa = PBXBuildFile; fileRef = EF7351648A704026B6B5CA5B /* HelveticaNeueUltraLightItalic.otf */; };
		422FED2037B348A2A4E4BA9C /* HelveticaNeueMedium.otf in Resources */ = {isa = PBXBuildFile; fileRef = 2BEF982D0EA942B7A7447248 /* HelveticaNeueMedium.otf */; };
		68D470B5E15B4F978D01A7EE /* HelveticaNeueHeavy.otf in Resources */ = {isa = PBXBuildFile; fileRef = BF62E3BAE4A0442DACBCA43A /* HelveticaNeueHeavy.otf */; };
		761780ED2CA45674006654EE /* AppDelegate.swift in Sources */ = {isa = PBXBuildFile; fileRef = 761780EC2CA45674006654EE /* AppDelegate.swift */; };
		81AB9BB82411601600AC10FF /* LaunchScreen.storyboard in Resources */ = {isa = PBXBuildFile; fileRef = 81AB9BB72411601600AC10FF /* LaunchScreen.storyboard */; };
		820B2ED13D334AD98EB8E44B /* HelveticaNeueBold.otf in Resources */ = {isa = PBXBuildFile; fileRef = 1059CABDBE974D4F957FBEDF /* HelveticaNeueBold.otf */; };
		825D6F14FE0A4B3281FD3FA2 /* HelveticaNeueBlack.otf in Resources */ = {isa = PBXBuildFile; fileRef = 22FE7976FC7D45898E21C0CA /* HelveticaNeueBlack.otf */; };
		84DB8C7C6EE941A9AEF44762 /* HelveticaNeueLight.otf in Resources */ = {isa = PBXBuildFile; fileRef = 860318F928C948BFBA2EEC8C /* HelveticaNeueLight.otf */; };
		9DAE1FE95ECE47A98429389F /* HelveticaNeueThinItalic.otf in Resources */ = {isa = PBXBuildFile; fileRef = 47D479C574A143E1860FBF50 /* HelveticaNeueThinItalic.otf */; };
		ADEE3E278D3A5B4DB438CE1E /* libPods-Telehealth.a in Frameworks */ = {isa = PBXBuildFile; fileRef = BE913A7C2F36141208118A74 /* libPods-Telehealth.a */; };
		B02B1A251E5746F587B12E4C /* HelveticaNeueRoman.otf in Resources */ = {isa = PBXBuildFile; fileRef = D3C210EECC2A4DFE9FFC6643 /* HelveticaNeueRoman.otf */; };
		B063C0447EE498F0F6547AB6 /* PrivacyInfo.xcprivacy in Resources */ = {isa = PBXBuildFile; fileRef = 13B07FB81A68108700A75B9A /* PrivacyInfo.xcprivacy */; };
		CCA35A9DE3884C7CABFD6BBB /* HelveticaNeueHeavyItalic.otf in Resources */ = {isa = PBXBuildFile; fileRef = 3FDB99F366B04FB5AF9857E5 /* HelveticaNeueHeavyItalic.otf */; };
		CDE1A5C93D1D4E32BDD14C39 /* HelveticaNeueLightItalic.otf in Resources */ = {isa = PBXBuildFile; fileRef = 3534D49C0705486CA0DD166C /* HelveticaNeueLightItalic.otf */; };
		E1C083E19D9D49AA8F94FF10 /* HelveticaNeueUltraLight.otf in Resources */ = {isa = PBXBuildFile; fileRef = 0DF8415CD2CA44369DD80864 /* HelveticaNeueUltraLight.otf */; };
		E91812AECE0940B68862E16A /* HelveticaNeueMediumItalic.otf in Resources */ = {isa = PBXBuildFile; fileRef = A0724F5E9C2D4E4197DE0368 /* HelveticaNeueMediumItalic.otf */; };
/* End PBXBuildFile section */

/* Begin PBXFileReference section */
		0DF8415CD2CA44369DD80864 /* HelveticaNeueUltraLight.otf */ = {isa = PBXFileReference; explicitFileType = undefined; fileEncoding = undefined; includeInIndex = 0; lastKnownFileType = unknown; name = HelveticaNeueUltraLight.otf; path = ../src/assets/fonts/HelveticaNeueUltraLight.otf; sourceTree = "<group>"; };
		1059CABDBE974D4F957FBEDF /* HelveticaNeueBold.otf */ = {isa = PBXFileReference; explicitFileType = undefined; fileEncoding = undefined; includeInIndex = 0; lastKnownFileType = unknown; name = HelveticaNeueBold.otf; path = ../src/assets/fonts/HelveticaNeueBold.otf; sourceTree = "<group>"; };
		13B07F961A680F5B00A75B9A /* Telehealth.app */ = {isa = PBXFileReference; explicitFileType = wrapper.application; includeInIndex = 0; path = Telehealth.app; sourceTree = BUILT_PRODUCTS_DIR; };
		13B07FB51A68108700A75B9A /* Images.xcassets */ = {isa = PBXFileReference; lastKnownFileType = folder.assetcatalog; name = Images.xcassets; path = Telehealth/Images.xcassets; sourceTree = "<group>"; };
		13B07FB61A68108700A75B9A /* Info.plist */ = {isa = PBXFileReference; fileEncoding = 4; lastKnownFileType = text.plist.xml; name = Info.plist; path = Telehealth/Info.plist; sourceTree = "<group>"; };
		13B07FB81A68108700A75B9A /* PrivacyInfo.xcprivacy */ = {isa = PBXFileReference; fileEncoding = 4; lastKnownFileType = text.plist.xml; name = PrivacyInfo.xcprivacy; path = Telehealth/PrivacyInfo.xcprivacy; sourceTree = "<group>"; };
		199CF1B8D4FE408AB6E4EB0A /* HelveticaNeueBoldItalic.otf */ = {isa = PBXFileReference; explicitFileType = undefined; fileEncoding = undefined; includeInIndex = 0; lastKnownFileType = unknown; name = HelveticaNeueBoldItalic.otf; path = ../src/assets/fonts/HelveticaNeueBoldItalic.otf; sourceTree = "<group>"; };
		22FE7976FC7D45898E21C0CA /* HelveticaNeueBlack.otf */ = {isa = PBXFileReference; explicitFileType = undefined; fileEncoding = undefined; includeInIndex = 0; lastKnownFileType = unknown; name = HelveticaNeueBlack.otf; path = ../src/assets/fonts/HelveticaNeueBlack.otf; sourceTree = "<group>"; };
		2BEF982D0EA942B7A7447248 /* HelveticaNeueMedium.otf */ = {isa = PBXFileReference; explicitFileType = undefined; fileEncoding = undefined; includeInIndex = 0; lastKnownFileType = unknown; name = HelveticaNeueMedium.otf; path = ../src/assets/fonts/HelveticaNeueMedium.otf; sourceTree = "<group>"; };
		3534D49C0705486CA0DD166C /* HelveticaNeueLightItalic.otf */ = {isa = PBXFileReference; explicitFileType = undefined; fileEncoding = undefined; includeInIndex = 0; lastKnownFileType = unknown; name = HelveticaNeueLightItalic.otf; path = ../src/assets/fonts/HelveticaNeueLightItalic.otf; sourceTree = "<group>"; };
		3D5A63B12F574879A2D16D03 /* HelveticaNeueThin.otf */ = {isa = PBXFileReference; explicitFileType = undefined; fileEncoding = undefined; includeInIndex = 0; lastKnownFileType = unknown; name = HelveticaNeueThin.otf; path = ../src/assets/fonts/HelveticaNeueThin.otf; sourceTree = "<group>"; };
		3FDB99F366B04FB5AF9857E5 /* HelveticaNeueHeavyItalic.otf */ = {isa = PBXFileReference; explicitFileType = undefined; fileEncoding = undefined; includeInIndex = 0; lastKnownFileType = unknown; name = HelveticaNeueHeavyItalic.otf; path = ../src/assets/fonts/HelveticaNeueHeavyItalic.otf; sourceTree = "<group>"; };
		47D479C574A143E1860FBF50 /* HelveticaNeueThinItalic.otf */ = {isa = PBXFileReference; explicitFileType = undefined; fileEncoding = undefined; includeInIndex = 0; lastKnownFileType = unknown; name = HelveticaNeueThinItalic.otf; path = ../src/assets/fonts/HelveticaNeueThinItalic.otf; sourceTree = "<group>"; };
		761780EC2CA45674006654EE /* AppDelegate.swift */ = {isa = PBXFileReference; lastKnownFileType = sourcecode.swift; name = AppDelegate.swift; path = Telehealth/AppDelegate.swift; sourceTree = "<group>"; };
		7B168990A020BB90AE66FF7C /* Pods-Telehealth.debug.xcconfig */ = {isa = PBXFileReference; includeInIndex = 1; lastKnownFileType = text.xcconfig; name = "Pods-Telehealth.debug.xcconfig"; path = "Target Support Files/Pods-Telehealth/Pods-Telehealth.debug.xcconfig"; sourceTree = "<group>"; };
		81AB9BB72411601600AC10FF /* LaunchScreen.storyboard */ = {isa = PBXFileReference; fileEncoding = 4; lastKnownFileType = file.storyboard; name = LaunchScreen.storyboard; path = Telehealth/LaunchScreen.storyboard; sourceTree = "<group>"; };
		8519F6EF1CA15EA28E29D416 /* Pods-Telehealth.release.xcconfig */ = {isa = PBXFileReference; includeInIndex = 1; lastKnownFileType = text.xcconfig; name = "Pods-Telehealth.release.xcconfig"; path = "Target Support Files/Pods-Telehealth/Pods-Telehealth.release.xcconfig"; sourceTree = "<group>"; };
		860318F928C948BFBA2EEC8C /* HelveticaNeueLight.otf */ = {isa = PBXFileReference; explicitFileType = undefined; fileEncoding = undefined; includeInIndex = 0; lastKnownFileType = unknown; name = HelveticaNeueLight.otf; path = ../src/assets/fonts/HelveticaNeueLight.otf; sourceTree = "<group>"; };
		A0724F5E9C2D4E4197DE0368 /* HelveticaNeueMediumItalic.otf */ = {isa = PBXFileReference; explicitFileType = undefined; fileEncoding = undefined; includeInIndex = 0; lastKnownFileType = unknown; name = HelveticaNeueMediumItalic.otf; path = ../src/assets/fonts/HelveticaNeueMediumItalic.otf; sourceTree = "<group>"; };
		A80F961E02B54DE285985320 /* HelveticaNeueItalic.ttf */ = {isa = PBXFileReference; explicitFileType = undefined; fileEncoding = undefined; includeInIndex = 0; lastKnownFileType = unknown; name = HelveticaNeueItalic.ttf; path = ../src/assets/fonts/HelveticaNeueItalic.ttf; sourceTree = "<group>"; };
		B4C6FBFF1A754AAAB5F61191 /* HelveticaNeueBlackItalic.otf */ = {isa = PBXFileReference; explicitFileType = undefined; fileEncoding = undefined; includeInIndex = 0; lastKnownFileType = unknown; name = HelveticaNeueBlackItalic.otf; path = ../src/assets/fonts/HelveticaNeueBlackItalic.otf; sourceTree = "<group>"; };
		BE913A7C2F36141208118A74 /* libPods-Telehealth.a */ = {isa = PBXFileReference; explicitFileType = archive.ar; includeInIndex = 0; path = "libPods-Telehealth.a"; sourceTree = BUILT_PRODUCTS_DIR; };
		BF62E3BAE4A0442DACBCA43A /* HelveticaNeueHeavy.otf */ = {isa = PBXFileReference; explicitFileType = undefined; fileEncoding = undefined; includeInIndex = 0; lastKnownFileType = unknown; name = HelveticaNeueHeavy.otf; path = ../src/assets/fonts/HelveticaNeueHeavy.otf; sourceTree = "<group>"; };
		D3C210EECC2A4DFE9FFC6643 /* HelveticaNeueRoman.otf */ = {isa = PBXFileReference; explicitFileType = undefined; fileEncoding = undefined; includeInIndex = 0; lastKnownFileType = unknown; name = HelveticaNeueRoman.otf; path = ../src/assets/fonts/HelveticaNeueRoman.otf; sourceTree = "<group>"; };
		ED297162215061F000B7C4FE /* JavaScriptCore.framework */ = {isa = PBXFileReference; lastKnownFileType = wrapper.framework; name = JavaScriptCore.framework; path = System/Library/Frameworks/JavaScriptCore.framework; sourceTree = SDKROOT; };
		EF7351648A704026B6B5CA5B /* HelveticaNeueUltraLightItalic.otf */ = {isa = PBXFileReference; explicitFileType = undefined; fileEncoding = undefined; includeInIndex = 0; lastKnownFileType = unknown; name = HelveticaNeueUltraLightItalic.otf; path = ../src/assets/fonts/HelveticaNeueUltraLightItalic.otf; sourceTree = "<group>"; };
/* End PBXFileReference section */

/* Begin PBXFrameworksBuildPhase section */
		13B07F8C1A680F5B00A75B9A /* Frameworks */ = {
			isa = PBXFrameworksBuildPhase;
			buildActionMask = 2147483647;
			files = (
				ADEE3E278D3A5B4DB438CE1E /* libPods-Telehealth.a in Frameworks */,
			);
			runOnlyForDeploymentPostprocessing = 0;
		};
/* End PBXFrameworksBuildPhase section */

/* Begin PBXGroup section */
		13B07FAE1A68108700A75B9A /* Telehealth */ = {
			isa = PBXGroup;
			children = (
				13B07FB51A68108700A75B9A /* Images.xcassets */,
				761780EC2CA45674006654EE /* AppDelegate.swift */,
				13B07FB61A68108700A75B9A /* Info.plist */,
				81AB9BB72411601600AC10FF /* LaunchScreen.storyboard */,
				13B07FB81A68108700A75B9A /* PrivacyInfo.xcprivacy */,
			);
			name = Telehealth;
			sourceTree = "<group>";
		};
		2D16E6871FA4F8E400B85C8A /* Frameworks */ = {
			isa = PBXGroup;
			children = (
				ED297162215061F000B7C4FE /* JavaScriptCore.framework */,
				BE913A7C2F36141208118A74 /* libPods-Telehealth.a */,
			);
			name = Frameworks;
			sourceTree = "<group>";
		};
		832341AE1AAA6A7D00B99B32 /* Libraries */ = {
			isa = PBXGroup;
			children = (
			);
			name = Libraries;
			sourceTree = "<group>";
		};
		83CBB9F61A601CBA00E9B192 = {
			isa = PBXGroup;
			children = (
				13B07FAE1A68108700A75B9A /* Telehealth */,
				832341AE1AAA6A7D00B99B32 /* Libraries */,
				83CBBA001A601CBA00E9B192 /* Products */,
				2D16E6871FA4F8E400B85C8A /* Frameworks */,
				BBD78D7AC51CEA395F1C20DB /* Pods */,
				B46AAF8A9FD840BE9297A7C0 /* Resources */,
			);
			indentWidth = 2;
			sourceTree = "<group>";
			tabWidth = 2;
			usesTabs = 0;
		};
		83CBBA001A601CBA00E9B192 /* Products */ = {
			isa = PBXGroup;
			children = (
				13B07F961A680F5B00A75B9A /* Telehealth.app */,
			);
			name = Products;
			sourceTree = "<group>";
		};
		B46AAF8A9FD840BE9297A7C0 /* Resources */ = {
			isa = PBXGroup;
			children = (
				22FE7976FC7D45898E21C0CA /* HelveticaNeueBlack.otf */,
				B4C6FBFF1A754AAAB5F61191 /* HelveticaNeueBlackItalic.otf */,
				1059CABDBE974D4F957FBEDF /* HelveticaNeueBold.otf */,
				199CF1B8D4FE408AB6E4EB0A /* HelveticaNeueBoldItalic.otf */,
				BF62E3BAE4A0442DACBCA43A /* HelveticaNeueHeavy.otf */,
				3FDB99F366B04FB5AF9857E5 /* HelveticaNeueHeavyItalic.otf */,
				860318F928C948BFBA2EEC8C /* HelveticaNeueLight.otf */,
				3534D49C0705486CA0DD166C /* HelveticaNeueLightItalic.otf */,
				2BEF982D0EA942B7A7447248 /* HelveticaNeueMedium.otf */,
				A0724F5E9C2D4E4197DE0368 /* HelveticaNeueMediumItalic.otf */,
				D3C210EECC2A4DFE9FFC6643 /* HelveticaNeueRoman.otf */,
				3D5A63B12F574879A2D16D03 /* HelveticaNeueThin.otf */,
				47D479C574A143E1860FBF50 /* HelveticaNeueThinItalic.otf */,
				0DF8415CD2CA44369DD80864 /* HelveticaNeueUltraLight.otf */,
				EF7351648A704026B6B5CA5B /* HelveticaNeueUltraLightItalic.otf */,
				A80F961E02B54DE285985320 /* HelveticaNeueItalic.ttf */,
			);
			name = Resources;
			sourceTree = "<group>";
		};
		BBD78D7AC51CEA395F1C20DB /* Pods */ = {
			isa = PBXGroup;
			children = (
				7B168990A020BB90AE66FF7C /* Pods-Telehealth.debug.xcconfig */,
				8519F6EF1CA15EA28E29D416 /* Pods-Telehealth.release.xcconfig */,
			);
			path = Pods;
			sourceTree = "<group>";
		};
/* End PBXGroup section */

/* Begin PBXNativeTarget section */
		13B07F861A680F5B00A75B9A /* Telehealth */ = {
			isa = PBXNativeTarget;
			buildConfigurationList = 13B07F931A680F5B00A75B9A /* Build configuration list for PBXNativeTarget "Telehealth" */;
			buildPhases = (
				63C78881602690AC03835B29 /* [CP] Check Pods Manifest.lock */,
				13B07F871A680F5B00A75B9A /* Sources */,
				13B07F8C1A680F5B00A75B9A /* Frameworks */,
				13B07F8E1A680F5B00A75B9A /* Resources */,
				00DD1BFF1BD5951E006B06BC /* Bundle React Native code and images */,
				105A9983D8FA78C0E8BB9893 /* [CP] Embed Pods Frameworks */,
				10846BBC57404C713D76B51A /* [CP] Copy Pods Resources */,
			);
			buildRules = (
			);
			dependencies = (
			);
			name = Telehealth;
			productName = Telehealth;
			productReference = 13B07F961A680F5B00A75B9A /* Telehealth.app */;
			productType = "com.apple.product-type.application";
		};
/* End PBXNativeTarget section */

/* Begin PBXProject section */
		83CBB9F71A601CBA00E9B192 /* Project object */ = {
			isa = PBXProject;
			attributes = {
				LastUpgradeCheck = 1210;
				TargetAttributes = {
					13B07F861A680F5B00A75B9A = {
						LastSwiftMigration = 1120;
					};
				};
			};
			buildConfigurationList = 83CBB9FA1A601CBA00E9B192 /* Build configuration list for PBXProject "Telehealth" */;
			compatibilityVersion = "Xcode 12.0";
			developmentRegion = en;
			hasScannedForEncodings = 0;
			knownRegions = (
				en,
				Base,
			);
			mainGroup = 83CBB9F61A601CBA00E9B192;
			productRefGroup = 83CBBA001A601CBA00E9B192 /* Products */;
			projectDirPath = "";
			projectRoot = "";
			targets = (
				13B07F861A680F5B00A75B9A /* Telehealth */,
			);
		};
/* End PBXProject section */

/* Begin PBXResourcesBuildPhase section */
		13B07F8E1A680F5B00A75B9A /* Resources */ = {
			isa = PBXResourcesBuildPhase;
			buildActionMask = 2147483647;
			files = (
				81AB9BB82411601600AC10FF /* LaunchScreen.storyboard in Resources */,
				13B07FBF1A68108700A75B9A /* Images.xcassets in Resources */,
				B063C0447EE498F0F6547AB6 /* PrivacyInfo.xcprivacy in Resources */,
				825D6F14FE0A4B3281FD3FA2 /* HelveticaNeueBlack.otf in Resources */,
				24353B45C5F14D88A3F7C86A /* HelveticaNeueBlackItalic.otf in Resources */,
				820B2ED13D334AD98EB8E44B /* HelveticaNeueBold.otf in Resources */,
				24CFB6230AA14F849404689A /* HelveticaNeueBoldItalic.otf in Resources */,
				68D470B5E15B4F978D01A7EE /* HelveticaNeueHeavy.otf in Resources */,
				CCA35A9DE3884C7CABFD6BBB /* HelveticaNeueHeavyItalic.otf in Resources */,
				84DB8C7C6EE941A9AEF44762 /* HelveticaNeueLight.otf in Resources */,
				CDE1A5C93D1D4E32BDD14C39 /* HelveticaNeueLightItalic.otf in Resources */,
				422FED2037B348A2A4E4BA9C /* HelveticaNeueMedium.otf in Resources */,
				E91812AECE0940B68862E16A /* HelveticaNeueMediumItalic.otf in Resources */,
				B02B1A251E5746F587B12E4C /* HelveticaNeueRoman.otf in Resources */,
				13945DAFE09840278C75762E /* HelveticaNeueThin.otf in Resources */,
				9DAE1FE95ECE47A98429389F /* HelveticaNeueThinItalic.otf in Resources */,
				E1C083E19D9D49AA8F94FF10 /* HelveticaNeueUltraLight.otf in Resources */,
				2E4B981A599547EDA741F71C /* HelveticaNeueUltraLightItalic.otf in Resources */,
				1A5C03C04E9243CBB61EC906 /* HelveticaNeueItalic.ttf in Resources */,
			);
			runOnlyForDeploymentPostprocessing = 0;
		};
/* End PBXResourcesBuildPhase section */

/* Begin PBXShellScriptBuildPhase section */
		00DD1BFF1BD5951E006B06BC /* Bundle React Native code and images */ = {
			isa = PBXShellScriptBuildPhase;
			buildActionMask = 2147483647;
			files = (
			);
			inputPaths = (
				"$(SRCROOT)/.xcode.env.local",
				"$(SRCROOT)/.xcode.env",
			);
			name = "Bundle React Native code and images";
			outputPaths = (
			);
			runOnlyForDeploymentPostprocessing = 0;
			shellPath = /bin/sh;
			shellScript = "set -e\n\nWITH_ENVIRONMENT=\"$REACT_NATIVE_PATH/scripts/xcode/with-environment.sh\"\nREACT_NATIVE_XCODE=\"$REACT_NATIVE_PATH/scripts/react-native-xcode.sh\"\n\n/bin/sh -c \"$WITH_ENVIRONMENT $REACT_NATIVE_XCODE\"\n";
		};
		105A9983D8FA78C0E8BB9893 /* [CP] Embed Pods Frameworks */ = {
			isa = PBXShellScriptBuildPhase;
			buildActionMask = 2147483647;
			files = (
			);
			inputFileListPaths = (
				"${PODS_ROOT}/Target Support Files/Pods-Telehealth/Pods-Telehealth-frameworks-${CONFIGURATION}-input-files.xcfilelist",
			);
			name = "[CP] Embed Pods Frameworks";
			outputFileListPaths = (
				"${PODS_ROOT}/Target Support Files/Pods-Telehealth/Pods-Telehealth-frameworks-${CONFIGURATION}-output-files.xcfilelist",
			);
			runOnlyForDeploymentPostprocessing = 0;
			shellPath = /bin/sh;
			shellScript = "\"${PODS_ROOT}/Target Support Files/Pods-Telehealth/Pods-Telehealth-frameworks.sh\"\n";
			showEnvVarsInLog = 0;
		};
		10846BBC57404C713D76B51A /* [CP] Copy Pods Resources */ = {
			isa = PBXShellScriptBuildPhase;
			buildActionMask = 2147483647;
			files = (
			);
			inputFileListPaths = (
				"${PODS_ROOT}/Target Support Files/Pods-Telehealth/Pods-Telehealth-resources-${CONFIGURATION}-input-files.xcfilelist",
			);
			name = "[CP] Copy Pods Resources";
			outputFileListPaths = (
				"${PODS_ROOT}/Target Support Files/Pods-Telehealth/Pods-Telehealth-resources-${CONFIGURATION}-output-files.xcfilelist",
			);
			runOnlyForDeploymentPostprocessing = 0;
			shellPath = /bin/sh;
			shellScript = "\"${PODS_ROOT}/Target Support Files/Pods-Telehealth/Pods-Telehealth-resources.sh\"\n";
			showEnvVarsInLog = 0;
		};
		63C78881602690AC03835B29 /* [CP] Check Pods Manifest.lock */ = {
			isa = PBXShellScriptBuildPhase;
			buildActionMask = 2147483647;
			files = (
			);
			inputFileListPaths = (
			);
			inputPaths = (
				"${PODS_PODFILE_DIR_PATH}/Podfile.lock",
				"${PODS_ROOT}/Manifest.lock",
			);
			name = "[CP] Check Pods Manifest.lock";
			outputFileListPaths = (
			);
			outputPaths = (
				"$(DERIVED_FILE_DIR)/Pods-Telehealth-checkManifestLockResult.txt",
			);
			runOnlyForDeploymentPostprocessing = 0;
			shellPath = /bin/sh;
			shellScript = "diff \"${PODS_PODFILE_DIR_PATH}/Podfile.lock\" \"${PODS_ROOT}/Manifest.lock\" > /dev/null\nif [ $? != 0 ] ; then\n    # print error to STDERR\n    echo \"error: The sandbox is not in sync with the Podfile.lock. Run 'pod install' or update your CocoaPods installation.\" >&2\n    exit 1\nfi\n# This output is used by Xcode 'outputs' to avoid re-running this script phase.\necho \"SUCCESS\" > \"${SCRIPT_OUTPUT_FILE_0}\"\n";
			showEnvVarsInLog = 0;
		};
/* End PBXShellScriptBuildPhase section */

/* Begin PBXSourcesBuildPhase section */
		13B07F871A680F5B00A75B9A /* Sources */ = {
			isa = PBXSourcesBuildPhase;
			buildActionMask = 2147483647;
			files = (
				761780ED2CA45674006654EE /* AppDelegate.swift in Sources */,
			);
			runOnlyForDeploymentPostprocessing = 0;
		};
/* End PBXSourcesBuildPhase section */

/* Begin XCBuildConfiguration section */
		13B07F941A680F5B00A75B9A /* Debug */ = {
			isa = XCBuildConfiguration;
			baseConfigurationReference = 7B168990A020BB90AE66FF7C /* Pods-Telehealth.debug.xcconfig */;
			buildSettings = {
				ASSETCATALOG_COMPILER_APPICON_NAME = AppIcon;
				CLANG_ENABLE_MODULES = YES;
				CURRENT_PROJECT_VERSION = 1;
				ENABLE_BITCODE = NO;
				INFOPLIST_FILE = Telehealth/Info.plist;
				IPHONEOS_DEPLOYMENT_TARGET = 15.1;
				LD_RUNPATH_SEARCH_PATHS = (
					"$(inherited)",
					"@executable_path/Frameworks",
				);
				MARKETING_VERSION = 1.0;
				OTHER_LDFLAGS = (
					"$(inherited)",
					"-ObjC",
					"-lc++",
				);
				PRODUCT_BUNDLE_IDENTIFIER = "org.reactjs.native.example.$(PRODUCT_NAME:rfc1034identifier)";
				PRODUCT_NAME = Telehealth;
				SWIFT_OPTIMIZATION_LEVEL = "-Onone";
				SWIFT_VERSION = 5.0;
				VERSIONING_SYSTEM = "apple-generic";
			};
			name = Debug;
		};
		13B07F951A680F5B00A75B9A /* Release */ = {
			isa = XCBuildConfiguration;
			baseConfigurationReference = 8519F6EF1CA15EA28E29D416 /* Pods-Telehealth.release.xcconfig */;
			buildSettings = {
				ASSETCATALOG_COMPILER_APPICON_NAME = AppIcon;
				CLANG_ENABLE_MODULES = YES;
				CURRENT_PROJECT_VERSION = 1;
				INFOPLIST_FILE = Telehealth/Info.plist;
				IPHONEOS_DEPLOYMENT_TARGET = 15.1;
				LD_RUNPATH_SEARCH_PATHS = (
					"$(inherited)",
					"@executable_path/Frameworks",
				);
				MARKETING_VERSION = 1.0;
				OTHER_LDFLAGS = (
					"$(inherited)",
					"-ObjC",
					"-lc++",
				);
				PRODUCT_BUNDLE_IDENTIFIER = "org.reactjs.native.example.$(PRODUCT_NAME:rfc1034identifier)";
				PRODUCT_NAME = Telehealth;
				SWIFT_VERSION = 5.0;
				VERSIONING_SYSTEM = "apple-generic";
			};
			name = Release;
		};
		83CBBA201A601CBA00E9B192 /* Debug */ = {
			isa = XCBuildConfiguration;
			buildSettings = {
				ALWAYS_SEARCH_USER_PATHS = NO;
				CLANG_ANALYZER_LOCALIZABILITY_NONLOCALIZED = YES;
				CLANG_CXX_LANGUAGE_STANDARD = "c++20";
				CLANG_CXX_LIBRARY = "libc++";
				CLANG_ENABLE_MODULES = YES;
				CLANG_ENABLE_OBJC_ARC = YES;
				CLANG_WARN_BLOCK_CAPTURE_AUTORELEASING = YES;
				CLANG_WARN_BOOL_CONVERSION = YES;
				CLANG_WARN_COMMA = YES;
				CLANG_WARN_CONSTANT_CONVERSION = YES;
				CLANG_WARN_DEPRECATED_OBJC_IMPLEMENTATIONS = YES;
				CLANG_WARN_DIRECT_OBJC_ISA_USAGE = YES_ERROR;
				CLANG_WARN_EMPTY_BODY = YES;
				CLANG_WARN_ENUM_CONVERSION = YES;
				CLANG_WARN_INFINITE_RECURSION = YES;
				CLANG_WARN_INT_CONVERSION = YES;
				CLANG_WARN_NON_LITERAL_NULL_CONVERSION = YES;
				CLANG_WARN_OBJC_IMPLICIT_RETAIN_SELF = YES;
				CLANG_WARN_OBJC_LITERAL_CONVERSION = YES;
				CLANG_WARN_OBJC_ROOT_CLASS = YES_ERROR;
				CLANG_WARN_QUOTED_INCLUDE_IN_FRAMEWORK_HEADER = YES;
				CLANG_WARN_RANGE_LOOP_ANALYSIS = YES;
				CLANG_WARN_STRICT_PROTOTYPES = YES;
				CLANG_WARN_SUSPICIOUS_MOVE = YES;
				CLANG_WARN_UNREACHABLE_CODE = YES;
				CLANG_WARN__DUPLICATE_METHOD_MATCH = YES;
				"CODE_SIGN_IDENTITY[sdk=iphoneos*]" = "iPhone Developer";
				COPY_PHASE_STRIP = NO;
				ENABLE_STRICT_OBJC_MSGSEND = YES;
				ENABLE_TESTABILITY = YES;
				"EXCLUDED_ARCHS[sdk=iphonesimulator*]" = "";
				GCC_C_LANGUAGE_STANDARD = gnu99;
				GCC_DYNAMIC_NO_PIC = NO;
				GCC_NO_COMMON_BLOCKS = YES;
				GCC_OPTIMIZATION_LEVEL = 0;
				GCC_PREPROCESSOR_DEFINITIONS = (
					"DEBUG=1",
					"$(inherited)",
				);
				GCC_SYMBOLS_PRIVATE_EXTERN = NO;
				GCC_WARN_64_TO_32_BIT_CONVERSION = YES;
				GCC_WARN_ABOUT_RETURN_TYPE = YES_ERROR;
				GCC_WARN_UNDECLARED_SELECTOR = YES;
				GCC_WARN_UNINITIALIZED_AUTOS = YES_AGGRESSIVE;
				GCC_WARN_UNUSED_FUNCTION = YES;
				GCC_WARN_UNUSED_VARIABLE = YES;
				IPHONEOS_DEPLOYMENT_TARGET = 15.1;
				LD_RUNPATH_SEARCH_PATHS = (
					/usr/lib/swift,
					"$(inherited)",
				);
				LIBRARY_SEARCH_PATHS = (
					"\"$(SDKROOT)/usr/lib/swift\"",
					"\"$(TOOLCHAIN_DIR)/usr/lib/swift/$(PLATFORM_NAME)\"",
					"\"$(inherited)\"",
				);
				MTL_ENABLE_DEBUG_INFO = YES;
				ONLY_ACTIVE_ARCH = YES;
				OTHER_CPLUSPLUSFLAGS = (
					"$(OTHER_CFLAGS)",
					"-DFOLLY_NO_CONFIG",
					"-DFOLLY_MOBILE=1",
					"-DFOLLY_USE_LIBCPP=1",
					"-DFOLLY_CFG_NO_COROUTINES=1",
					"-DFOLLY_HAVE_CLOCK_GETTIME=1",
				);
				REACT_NATIVE_PATH = "${PODS_ROOT}/../../node_modules/react-native";
				SDKROOT = iphoneos;
				SWIFT_ACTIVE_COMPILATION_CONDITIONS = "$(inherited) DEBUG";
				USE_HERMES = true;
			};
			name = Debug;
		};
		83CBBA211A601CBA00E9B192 /* Release */ = {
			isa = XCBuildConfiguration;
			buildSettings = {
				ALWAYS_SEARCH_USER_PATHS = NO;
				CLANG_ANALYZER_LOCALIZABILITY_NONLOCALIZED = YES;
				CLANG_CXX_LANGUAGE_STANDARD = "c++20";
				CLANG_CXX_LIBRARY = "libc++";
				CLANG_ENABLE_MODULES = YES;
				CLANG_ENABLE_OBJC_ARC = YES;
				CLANG_WARN_BLOCK_CAPTURE_AUTORELEASING = YES;
				CLANG_WARN_BOOL_CONVERSION = YES;
				CLANG_WARN_COMMA = YES;
				CLANG_WARN_CONSTANT_CONVERSION = YES;
				CLANG_WARN_DEPRECATED_OBJC_IMPLEMENTATIONS = YES;
				CLANG_WARN_DIRECT_OBJC_ISA_USAGE = YES_ERROR;
				CLANG_WARN_EMPTY_BODY = YES;
				CLANG_WARN_ENUM_CONVERSION = YES;
				CLANG_WARN_INFINITE_RECURSION = YES;
				CLANG_WARN_INT_CONVERSION = YES;
				CLANG_WARN_NON_LITERAL_NULL_CONVERSION = YES;
				CLANG_WARN_OBJC_IMPLICIT_RETAIN_SELF = YES;
				CLANG_WARN_OBJC_LITERAL_CONVERSION = YES;
				CLANG_WARN_OBJC_ROOT_CLASS = YES_ERROR;
				CLANG_WARN_QUOTED_INCLUDE_IN_FRAMEWORK_HEADER = YES;
				CLANG_WARN_RANGE_LOOP_ANALYSIS = YES;
				CLANG_WARN_STRICT_PROTOTYPES = YES;
				CLANG_WARN_SUSPICIOUS_MOVE = YES;
				CLANG_WARN_UNREACHABLE_CODE = YES;
				CLANG_WARN__DUPLICATE_METHOD_MATCH = YES;
				"CODE_SIGN_IDENTITY[sdk=iphoneos*]" = "iPhone Developer";
				COPY_PHASE_STRIP = YES;
				ENABLE_NS_ASSERTIONS = NO;
				ENABLE_STRICT_OBJC_MSGSEND = YES;
				"EXCLUDED_ARCHS[sdk=iphonesimulator*]" = "";
				GCC_C_LANGUAGE_STANDARD = gnu99;
				GCC_NO_COMMON_BLOCKS = YES;
				GCC_WARN_64_TO_32_BIT_CONVERSION = YES;
				GCC_WARN_ABOUT_RETURN_TYPE = YES_ERROR;
				GCC_WARN_UNDECLARED_SELECTOR = YES;
				GCC_WARN_UNINITIALIZED_AUTOS = YES_AGGRESSIVE;
				GCC_WARN_UNUSED_FUNCTION = YES;
				GCC_WARN_UNUSED_VARIABLE = YES;
				IPHONEOS_DEPLOYMENT_TARGET = 15.1;
				LD_RUNPATH_SEARCH_PATHS = (
					/usr/lib/swift,
					"$(inherited)",
				);
				LIBRARY_SEARCH_PATHS = (
					"\"$(SDKROOT)/usr/lib/swift\"",
					"\"$(TOOLCHAIN_DIR)/usr/lib/swift/$(PLATFORM_NAME)\"",
					"\"$(inherited)\"",
				);
				MTL_ENABLE_DEBUG_INFO = NO;
				OTHER_CPLUSPLUSFLAGS = (
					"$(OTHER_CFLAGS)",
					"-DFOLLY_NO_CONFIG",
					"-DFOLLY_MOBILE=1",
					"-DFOLLY_USE_LIBCPP=1",
					"-DFOLLY_CFG_NO_COROUTINES=1",
					"-DFOLLY_HAVE_CLOCK_GETTIME=1",
				);
				REACT_NATIVE_PATH = "${PODS_ROOT}/../../node_modules/react-native";
				SDKROOT = iphoneos;
				USE_HERMES = true;
				VALIDATE_PRODUCT = YES;
			};
			name = Release;
		};
/* End XCBuildConfiguration section */

/* Begin XCConfigurationList section */
		13B07F931A680F5B00A75B9A /* Build configuration list for PBXNativeTarget "Telehealth" */ = {
			isa = XCConfigurationList;
			buildConfigurations = (
				13B07F941A680F5B00A75B9A /* Debug */,
				13B07F951A680F5B00A75B9A /* Release */,
			);
			defaultConfigurationIsVisible = 0;
			defaultConfigurationName = Release;
		};
		83CBB9FA1A601CBA00E9B192 /* Build configuration list for PBXProject "Telehealth" */ = {
			isa = XCConfigurationList;
			buildConfigurations = (
				83CBBA201A601CBA00E9B192 /* Debug */,
				83CBBA211A601CBA00E9B192 /* Release */,
			);
			defaultConfigurationIsVisible = 0;
			defaultConfigurationName = Release;
		};
/* End XCConfigurationList section */
	};
	rootObject = 83CBB9F71A601CBA00E9B192 /* Project object */;
}
